
Microsoft Visual Studio Solution File, Format Version 12.00
# Visual Studio 15
VisualStudioVersion = 15.0.26124.0
MinimumVisualStudioVersion = 15.0.26124.0
Project("{2150E333-8FDC-42A3-9474-1A3956D46DE8}") = "src", "src", "{8E0ECD76-7AC3-4EEA-96B5-5A9D0046E76B}"
EndProject
Project("{FAE04EC0-301F-11D3-BF4B-00C04F79EFBC}") = "MiraAndJoaoApi", "src\MiraAndJoaoApi\MiraAndJoaoApi.csproj", "{EC8C593D-819D-4928-AB01-7AC3F7E61845}"
EndProject
Project("{2150E333-8FDC-42A3-9474-1A3956D46DE8}") = "test", "test", "{3F978B25-268E-4D63-9E68-C2E4223ADC6D}"
EndProject
Project("{FAE04EC0-301F-11D3-BF4B-00C04F79EFBC}") = "MiraAndJoaoApi.Tests", "test\MiraAndJoaoApi.Tests\MiraAndJoaoApi.Tests.csproj", "{080FEC6E-CA5A-49C3-89A9-2C28797B498E}"
EndProject
Global
	GlobalSection(SolutionConfigurationPlatforms) = preSolution
		Debug|Any CPU = Debug|Any CPU
		Debug|x64 = Debug|x64
		Debug|x86 = Debug|x86
		Release|Any CPU = Release|Any CPU
		Release|x64 = Release|x64
		Release|x86 = Release|x86
	EndGlobalSection
	GlobalSection(SolutionProperties) = preSolution
		HideSolutionNode = FALSE
	EndGlobalSection
	GlobalSection(ProjectConfigurationPlatforms) = postSolution
		{EC8C593D-819D-4928-AB01-7AC3F7E61845}.Debug|Any CPU.ActiveCfg = Debug|Any CPU
		{EC8C593D-819D-4928-AB01-7AC3F7E61845}.Debug|Any CPU.Build.0 = Debug|Any CPU
		{EC8C593D-819D-4928-AB01-7AC3F7E61845}.Debug|x64.ActiveCfg = Debug|Any CPU
		{EC8C593D-819D-4928-AB01-7AC3F7E61845}.Debug|x64.Build.0 = Debug|Any CPU
		{EC8C593D-819D-4928-AB01-7AC3F7E61845}.Debug|x86.ActiveCfg = Debug|Any CPU
		{EC8C593D-819D-4928-AB01-7AC3F7E61845}.Debug|x86.Build.0 = Debug|Any CPU
		{EC8C593D-819D-4928-AB01-7AC3F7E61845}.Release|Any CPU.ActiveCfg = Release|Any CPU
		{EC8C593D-819D-4928-AB01-7AC3F7E61845}.Release|Any CPU.Build.0 = Release|Any CPU
		{EC8C593D-819D-4928-AB01-7AC3F7E61845}.Release|x64.ActiveCfg = Release|Any CPU
		{EC8C593D-819D-4928-AB01-7AC3F7E61845}.Release|x64.Build.0 = Release|Any CPU
		{EC8C593D-819D-4928-AB01-7AC3F7E61845}.Release|x86.ActiveCfg = Release|Any CPU
		{EC8C593D-819D-4928-AB01-7AC3F7E61845}.Release|x86.Build.0 = Release|Any CPU
		{080FEC6E-CA5A-49C3-89A9-2C28797B498E}.Debug|Any CPU.ActiveCfg = Debug|Any CPU
		{080FEC6E-CA5A-49C3-89A9-2C28797B498E}.Debug|Any CPU.Build.0 = Debug|Any CPU
		{080FEC6E-CA5A-49C3-89A9-2C28797B498E}.Debug|x64.ActiveCfg = Debug|Any CPU
		{080FEC6E-CA5A-49C3-89A9-2C28797B498E}.Debug|x64.Build.0 = Debug|Any CPU
		{080FEC6E-CA5A-49C3-89A9-2C28797B498E}.Debug|x86.ActiveCfg = Debug|Any CPU
		{080FEC6E-CA5A-49C3-89A9-2C28797B498E}.Debug|x86.Build.0 = Debug|Any CPU
		{080FEC6E-CA5A-49C3-89A9-2C28797B498E}.Release|Any CPU.ActiveCfg = Release|Any CPU
		{080FEC6E-CA5A-49C3-89A9-2C28797B498E}.Release|Any CPU.Build.0 = Release|Any CPU
		{080FEC6E-CA5A-49C3-89A9-2C28797B498E}.Release|x64.ActiveCfg = Release|Any CPU
		{080FEC6E-CA5A-49C3-89A9-2C28797B498E}.Release|x64.Build.0 = Release|Any CPU
		{080FEC6E-CA5A-49C3-89A9-2C28797B498E}.Release|x86.ActiveCfg = Release|Any CPU
		{080FEC6E-CA5A-49C3-89A9-2C28797B498E}.Release|x86.Build.0 = Release|Any CPU
	EndGlobalSection
	GlobalSection(NestedProjects) = preSolution
		{EC8C593D-819D-4928-AB01-7AC3F7E61845} = {8E0ECD76-7AC3-4EEA-96B5-5A9D0046E76B}
		{080FEC6E-CA5A-49C3-89A9-2C28797B498E} = {3F978B25-268E-4D63-9E68-C2E4223ADC6D}
	EndGlobalSection
EndGlobal
